{
  "requires": true,
  "lockfileVersion": 1,
  "dependencies": {
    "@fortawesome/fontawesome-free": {
      "version": "5.11.2",
      "resolved": "https://registry.npmjs.org/@fortawesome/fontawesome-free/-/fontawesome-free-5.11.2.tgz",
      "integrity": "sha512-XiUPoS79r1G7PcpnNtq85TJ7inJWe0v+b5oZJZKb0pGHNIV6+UiNeQWiFGmuQ0aj7GEhnD/v9iqxIsjuRKtEnQ=="
    },
    "@funkia/hareactive": {
      "version": "0.3.4",
      "resolved": "https://registry.npmjs.org/@funkia/hareactive/-/hareactive-0.3.4.tgz",
      "integrity": "sha512-oH+KXKg6FhsujEgHXwdSAP9i+Tt7NLR6Ro+5jOciBHQXxleHkru2YNwmCXFtSLARrXSth5Pt8ic8yUZPV0c4bw==",
      "requires": {
        "@funkia/io": "0.0.4",
        "tslib": "^1.10.0"
      }
    },
    "@funkia/io": {
      "version": "0.0.4",
      "resolved": "https://registry.npmjs.org/@funkia/io/-/io-0.0.4.tgz",
      "integrity": "sha512-nAjlCfofWo7Xhi9lVYXBb9cYltXCCRkuQn2gjojG3oMl7e1Bzizq6g06Hdz/kx+uRzgGQhy2jDGJIaupA67ZHw==",
      "requires": {
        "@funkia/jabz": "0.0.24",
        "prettier": "^1.13.7",
        "tslib": "^1.9.3"
      }
    },
    "@funkia/jabz": {
      "version": "0.0.24",
      "resolved": "https://registry.npmjs.org/@funkia/jabz/-/jabz-0.0.24.tgz",
      "integrity": "sha512-zVqcjXvSR9Rh78wMvtOZqnOP0QWFGX4++cRJgdhm0ELz7Pgfy5m+ZjzmWngFxYC5q4QG6ZrcywMlBuMlHuVxoA==",
      "requires": {
        "tslib": "^1.9.2"
      }
    },
    "@funkia/turbine": {
      "version": "0.4.0",
      "resolved": "https://registry.npmjs.org/@funkia/turbine/-/turbine-0.4.0.tgz",
      "integrity": "sha512-NXKMMFsWt09mGVQk9C/6gZRtQH52OthDzh9hsheJ1QKROxTpXjPgNFUWMJzK/JePHPlqj4sSAIr3PsybICoaaQ==",
      "requires": {
        "@funkia/jabz": "0.0.24"
      }
    },
    "CSSselect": {
      "version": "0.7.0",
      "resolved": "https://registry.npmjs.org/CSSselect/-/CSSselect-0.7.0.tgz",
      "integrity": "sha1-5AVMZ7RnRl88lQDA2gqnh4xLq9I=",
      "requires": {
        "CSSwhat": "0.4",
        "boolbase": "~1.0.0",
        "domutils": "1.4",
        "nth-check": "~1.0.0"
      }
    },
    "CSSwhat": {
      "version": "0.4.7",
      "resolved": "https://registry.npmjs.org/CSSwhat/-/CSSwhat-0.4.7.tgz",
      "integrity": "sha1-hn2g/zn3eGEyQsRM/qg/CqTr35s="
    },
    "amdefine": {
      "version": "1.0.1",
      "resolved": "https://registry.npmjs.org/amdefine/-/amdefine-1.0.1.tgz",
      "integrity": "sha1-SlKCrBZHKek2Gbz9OtFR+BfOkfU="
    },
    "async": {
      "version": "0.1.22",
      "resolved": "https://registry.npmjs.org/async/-/async-0.1.22.tgz",
      "integrity": "sha1-D8GqoIig4+8Ovi2IMbqw3PiEUGE="
    },
    "boolbase": {
      "version": "1.0.0",
      "resolved": "https://registry.npmjs.org/boolbase/-/boolbase-1.0.0.tgz",
      "integrity": "sha1-aN/1++YMUes3cl6p4+0xDcwed24="
    },
    "cheerio": {
      "version": "0.12.0",
      "resolved": "https://registry.npmjs.org/cheerio/-/cheerio-0.12.0.tgz",
      "integrity": "sha1-pM4M3BQN9Ftb1oVjRcvXGSNp3fw=",
      "requires": {
        "cheerio-select": "*",
        "entities": "0.x",
        "htmlparser2": "3.1.1",
        "underscore": "~1.4"
      }
    },
    "cheerio-select": {
      "version": "0.0.3",
      "resolved": "https://registry.npmjs.org/cheerio-select/-/cheerio-select-0.0.3.tgz",
      "integrity": "sha1-PyQgEU88ywsbB1wkXM+q5dYXo4g=",
      "requires": {
        "CSSselect": "0.x"
      }
    },
    "core-util-is": {
      "version": "1.0.2",
      "resolved": "https://registry.npmjs.org/core-util-is/-/core-util-is-1.0.2.tgz",
      "integrity": "sha1-tf1UIgqivFq1eqtxQMlAdUUDwac="
    },
    "domelementtype": {
      "version": "1.3.1",
      "resolved": "https://registry.npmjs.org/domelementtype/-/domelementtype-1.3.1.tgz",
      "integrity": "sha512-BSKB+TSpMpFI/HOxCNr1O8aMOTZ8hT3pM3GQ0w/mWRmkhEDSFJkkyzz4XQsBV44BChwGkrDfMyjVD0eA2aFV3w=="
    },
    "domhandler": {
      "version": "2.0.3",
      "resolved": "https://registry.npmjs.org/domhandler/-/domhandler-2.0.3.tgz",
      "integrity": "sha1-iJ+N9iZAOvB4jinWbV1cb36/D9Y=",
      "requires": {
        "domelementtype": "1"
      }
    },
    "domutils": {
      "version": "1.4.3",
      "resolved": "https://registry.npmjs.org/domutils/-/domutils-1.4.3.tgz",
      "integrity": "sha1-CGVRN5bGswYDGFDhdVFrr4C3Km8=",
      "requires": {
        "domelementtype": "1"
      }
    },
    "entities": {
      "version": "0.5.0",
      "resolved": "https://registry.npmjs.org/entities/-/entities-0.5.0.tgz",
      "integrity": "sha1-9hHLWuIhBQ4AEsZpeVA/164ZzEk="
    },
    "handlebars": {
      "version": "1.0.12",
      "resolved": "https://registry.npmjs.org/handlebars/-/handlebars-1.0.12.tgz",
      "integrity": "sha1-GMbTRAw16RsZs/9YK5FRq0mF1Pw=",
      "requires": {
        "optimist": "~0.3",
        "uglify-js": "~2.3"
      }
    },
    "highlight.js": {
      "version": "7.3.0",
      "resolved": "https://registry.npmjs.org/highlight.js/-/highlight.js-7.3.0.tgz",
      "integrity": "sha1-bF8PZOcHj2ZAK82/yJEQw/0bqZ8="
    },
    "htmlparser2": {
      "version": "3.1.1",
      "resolved": "https://registry.npmjs.org/htmlparser2/-/htmlparser2-3.1.1.tgz",
      "integrity": "sha1-tOJNRFOW8IThfF+R9tjMWVBdu10=",
      "requires": {
        "domelementtype": "1",
        "domhandler": "2.0",
        "domutils": "1.1",
        "readable-stream": "1.0"
      },
      "dependencies": {
        "domutils": {
          "version": "1.1.6",
          "resolved": "https://registry.npmjs.org/domutils/-/domutils-1.1.6.tgz",
          "integrity": "sha1-vdw94Jm5ou+sxRxiPyj0FuzFdIU=",
          "requires": {
            "domelementtype": "1"
          }
        }
      }
    },
    "inherits": {
      "version": "2.0.4",
      "resolved": "https://registry.npmjs.org/inherits/-/inherits-2.0.4.tgz",
      "integrity": "sha512-k/vGaX4/Yla3WzyMCvTQOXYeIHvqOKtnqBduzTHpzpQZzAskKMhZ2K+EnBiSM9zGSoIFeMpXKxa4dYeZIQqewQ=="
    },
    "isarray": {
      "version": "0.0.1",
      "resolved": "https://registry.npmjs.org/isarray/-/isarray-0.0.1.tgz",
      "integrity": "sha1-ihis/Kmo9Bd+Cav8YDiTmwXR7t8="
    },
    "marked": {
      "version": "0.2.7",
      "resolved": "https://registry.npmjs.org/marked/-/marked-0.2.7.tgz",
      "integrity": "sha1-11UfYbSpPlnsYexikg/u/99v4P4="
    },
    "nth-check": {
      "version": "1.0.2",
      "resolved": "https://registry.npmjs.org/nth-check/-/nth-check-1.0.2.tgz",
      "integrity": "sha512-WeBOdju8SnzPN5vTUJYxYUxLeXpCaVP5i5e0LF8fg7WORF2Wd7wFX/pk0tYZk7s8T+J7VLy0Da6J1+wCT0AtHg==",
      "requires": {
        "boolbase": "~1.0.0"
      }
    },
    "optimist": {
      "version": "0.3.7",
      "resolved": "https://registry.npmjs.org/optimist/-/optimist-0.3.7.tgz",
      "integrity": "sha1-yQlBrVnkJzMokjB00s8ufLxuwNk=",
      "requires": {
        "wordwrap": "~0.0.2"
      }
    },
    "prettier": {
      "version": "1.19.1",
      "resolved": "https://registry.npmjs.org/prettier/-/prettier-1.19.1.tgz",
      "integrity": "sha512-s7PoyDv/II1ObgQunCbB9PdLmUcBZcnWOcxDh7O0N/UwDEsHyqkW+Qh28jW+mVuCdx7gLB0BotYI1Y6uI9iyew=="
    },
    "readable-stream": {
      "version": "1.0.34",
      "resolved": "https://registry.npmjs.org/readable-stream/-/readable-stream-1.0.34.tgz",
      "integrity": "sha1-Elgg40vIQtLyqq+v5MKRbuMsFXw=",
      "requires": {
        "core-util-is": "~1.0.0",
        "inherits": "~2.0.1",
        "isarray": "0.0.1",
        "string_decoder": "~0.10.x"
      }
    },
    "source-map": {
      "version": "0.1.43",
      "resolved": "https://registry.npmjs.org/source-map/-/source-map-0.1.43.tgz",
      "integrity": "sha1-wkvBRspRfBRx9drL4lcbK3+eM0Y=",
      "requires": {
        "amdefine": ">=0.0.4"
      }
    },
    "static": {
      "version": "2.0.0",
      "resolved": "https://registry.npmjs.org/static/-/static-2.0.0.tgz",
      "integrity": "sha1-yGXZOZSrRQky3IYguBiZy4jGW9I=",
      "requires": {
        "async": "0.1.22",
        "cheerio": "0.12.0",
        "handlebars": "~1.0",
        "highlight.js": "7.3.0",
        "marked": "0.2.7",
        "underscore": "1.4.2"
      }
    },
    "string_decoder": {
      "version": "0.10.31",
      "resolved": "https://registry.npmjs.org/string_decoder/-/string_decoder-0.10.31.tgz",
      "integrity": "sha1-YuIDvEF2bGwoyfyEMB2rHFMQ+pQ="
    },
    "tslib": {
      "version": "1.10.0",
      "resolved": "https://registry.npmjs.org/tslib/-/tslib-1.10.0.tgz",
      "integrity": "sha512-qOebF53frne81cf0S9B41ByenJ3/IuH8yJKngAX35CmiZySA0khhkovshKK+jGCaMnVomla7gVlIcc3EvKPbTQ=="
    },
    "uglify-js": {
      "version": "2.3.6",
      "resolved": "https://registry.npmjs.org/uglify-js/-/uglify-js-2.3.6.tgz",
      "integrity": "sha1-+gmEdwtCi3qbKoBY9GNV0U/vIRo=",
      "requires": {
        "async": "~0.2.6",
        "optimist": "~0.3.5",
        "source-map": "~0.1.7"
      },
      "dependencies": {
        "async": {
          "version": "0.2.10",
          "resolved": "https://registry.npmjs.org/async/-/async-0.2.10.tgz",
          "integrity": "sha1-trvgsGdLnXGXCMo43owjfLUmw9E="
        }
      }
    },
    "underscore": {
      "version": "1.4.2",
      "resolved": "https://registry.npmjs.org/underscore/-/underscore-1.4.2.tgz",
      "integrity": "sha1-yyquanmZqJ/VWq7nW84DEWmM6/s="
    },
    "uuid": {
      "version": "3.3.3",
      "resolved": "https://registry.npmjs.org/uuid/-/uuid-3.3.3.tgz",
      "integrity": "sha512-pW0No1RGHgzlpHJO1nsVrHKpOEIxkGg1xB+v0ZmdNH5OAeAwzAVrCnI2/6Mtx+Uys6iaylxa+D3g4j63IKKjSQ=="
    },
    "uuid-validate": {
      "version": "0.0.3",
      "resolved": "https://registry.npmjs.org/uuid-validate/-/uuid-validate-0.0.3.tgz",
      "integrity": "sha512-Fykw5U4eZESbq739BeLvEBFRuJODfrlmjx5eJux7W817LjRaq4b7/i4t2zxQmhcX+fAj4nMfRdTzO4tmwLKn0w=="
    },
    "wordwrap": {
      "version": "0.0.3",
      "resolved": "https://registry.npmjs.org/wordwrap/-/wordwrap-0.0.3.tgz",
      "integrity": "sha1-o9XabNXAvAAI03I0u68b7WMFkQc="
    }
  }
}
